
Microsoft Visual Studio Solution File, Format Version 12.00
# Visual Studio 15
VisualStudioVersion = 15.0.28307.168
MinimumVisualStudioVersion = 10.0.40219.1
Project("{FAE04EC0-301F-11D3-BF4B-00C04F79EFBC}") = "SecureRelayTest", "SecureTest\SecureRelayTest.csproj", "{C010EC1A-DA6F-4A18-8116-B75D9FF7041A}"
EndProject
Global
	GlobalSection(SolutionConfigurationPlatforms) = preSolution
		Debug|Any CPU = Debug|Any CPU
		Release|Any CPU = Release|Any CPU
	EndGlobalSection
	GlobalSection(ProjectConfigurationPlatforms) = postSolution
		{C010EC1A-DA6F-4A18-8116-B75D9FF7041A}.Debug|Any CPU.ActiveCfg = Debug|Any CPU
		{C010EC1A-DA6F-4A18-8116-B75D9FF7041A}.Debug|Any CPU.Build.0 = Debug|Any CPU
		{C010EC1A-DA6F-4A18-8116-B75D9FF7041A}.Release|Any CPU.ActiveCfg = Release|Any CPU
		{C010EC1A-DA6F-4A18-8116-B75D9FF7041A}.Release|Any CPU.Build.0 = Release|Any CPU
	EndGlobalSection
	GlobalSection(SolutionProperties) = preSolution
		HideSolutionNode = FALSE
	EndGlobalSection
	GlobalSection(ExtensibilityGlobals) = postSolution
		SolutionGuid = {ED5450CF-9DF5-42EF-8D04-D7C1E3757D57}
	EndGlobalSection
EndGlobal
